
Microsoft Visual Studio Solution File, Format Version 12.00
# Visual Studio Version 17
VisualStudioVersion = 17.14.37411.7 d17.14
MinimumVisualStudioVersion = 10.0.40219.1
Project("{FAE04EC0-301F-11D3-BF4B-00C04F79EFBC}") = "MultimediaSimulator", "MultimediaSimulator\MultimediaSimulator.csproj", "{4E5CB0DC-45A3-404F-9432-FEDC3E305B84}"
EndProject
Global
	GlobalSection(SolutionConfigurationPlatforms) = preSolution
		Debug|Any CPU = Debug|Any CPU
		Release|Any CPU = Release|Any CPU
	EndGlobalSection
	GlobalSection(ProjectConfigurationPlatforms) = postSolution
		{4E5CB0DC-45A3-404F-9432-FEDC3E305B84}.Debug|Any CPU.ActiveCfg = Debug|Any CPU
		{4E5CB0DC-45A3-404F-9432-FEDC3E305B84}.Debug|Any CPU.Build.0 = Debug|Any CPU
		{4E5CB0DC-45A3-404F-9432-FEDC3E305B84}.Release|Any CPU.ActiveCfg = Release|Any CPU
		{4E5CB0DC-45A3-404F-9432-FEDC3E305B84}.Release|Any CPU.Build.0 = Release|Any CPU
	EndGlobalSection
	GlobalSection(SolutionProperties) = preSolution
		HideSolutionNode = FALSE
	EndGlobalSection
	GlobalSection(ExtensibilityGlobals) = postSolution
		SolutionGuid = {E37E651E-A838-430F-B5C6-214EC92E4A14}
	EndGlobalSection
EndGlobal
